// !$*UTF8*$!
{
	archiveVersion = 1;
	classes = {
	};
	objectVersion = 46;
	objects = {

/* Begin PBXBuildFile section */
		2DCB72171F4DA07A00434FC3 /* AppDelegate.swift in Sources */ = {isa = PBXBuildFile; fileRef = 2DCB72161F4DA07A00434FC3 /* AppDelegate.swift */; };
		2DCB72191F4DA07A00434FC3 /* ViewController.swift in Sources */ = {isa = PBXBuildFile; fileRef = 2DCB72181F4DA07A00434FC3 /* ViewController.swift */; };
		2DCB721C1F4DA07A00434FC3 /* Main.storyboard in Resources */ = {isa = PBXBuildFile; fileRef = 2DCB721A1F4DA07A00434FC3 /* Main.storyboard */; };
		2DCB721F1F4DA07A00434FC3 /* graph2.xcdatamodeld in Sources */ = {isa = PBXBuildFile; fileRef = 2DCB721D1F4DA07A00434FC3 /* graph2.xcdatamodeld */; };
		2DCB72211F4DA07A00434FC3 /* Assets.xcassets in Resources */ = {isa = PBXBuildFile; fileRef = 2DCB72201F4DA07A00434FC3 /* Assets.xcassets */; };
		2DCB72241F4DA07A00434FC3 /* LaunchScreen.storyboard in Resources */ = {isa = PBXBuildFile; fileRef = 2DCB72221F4DA07A00434FC3 /* LaunchScreen.storyboard */; };
		2DCB722C1F4E574600434FC3 /* Graph.swift in Sources */ = {isa = PBXBuildFile; fileRef = 2DCB722B1F4E574600434FC3 /* Graph.swift */; };
		2DCB722E1F4ED4B100434FC3 /* inputViewController.swift in Sources */ = {isa = PBXBuildFile; fileRef = 2DCB722D1F4ED4B100434FC3 /* inputViewController.swift */; };
/* End PBXBuildFile section */

/* Begin PBXFileReference section */
		2DCB72131F4DA07A00434FC3 /* graph2.app */ = {isa = PBXFileReference; explicitFileType = wrapper.application; includeInIndex = 0; path = graph2.app; sourceTree = BUILT_PRODUCTS_DIR; };
		2DCB72161F4DA07A00434FC3 /* AppDelegate.swift */ = {isa = PBXFileReference; lastKnownFileType = sourcecode.swift; path = AppDelegate.swift; sourceTree = "<group>"; };
		2DCB72181F4DA07A00434FC3 /* ViewController.swift */ = {isa = PBXFileReference; lastKnownFileType = sourcecode.swift; path = ViewController.swift; sourceTree = "<group>"; };
		2DCB721B1F4DA07A00434FC3 /* Base */ = {isa = PBXFileReference; lastKnownFileType = file.storyboard; name = Base; path = Base.lproj/Main.storyboard; sourceTree = "<group>"; };
		2DCB721E1F4DA07A00434FC3 /* graph2.xcdatamodel */ = {isa = PBXFileReference; lastKnownFileType = wrapper.xcdatamodel; path = graph2.xcdatamodel; sourceTree = "<group>"; };
		2DCB72201F4DA07A00434FC3 /* Assets.xcassets */ = {isa = PBXFileReference; lastKnownFileType = folder.assetcatalog; path = Assets.xcassets; sourceTree = "<group>"; };
		2DCB72231F4DA07A00434FC3 /* Base */ = {isa = PBXFileReference; lastKnownFileType = file.storyboard; name = Base; path = Base.lproj/LaunchScreen.storyboard; sourceTree = "<group>"; };
		2DCB72251F4DA07A00434FC3 /* Info.plist */ = {isa = PBXFileReference; lastKnownFileType = text.plist.xml; path = Info.plist; sourceTree = "<group>"; };
		2DCB722B1F4E574600434FC3 /* Graph.swift */ = {isa = PBXFileReference; fileEncoding = 4; lastKnownFileType = sourcecode.swift; path = Graph.swift; sourceTree = "<group>"; };
		2DCB722D1F4ED4B100434FC3 /* inputViewController.swift */ = {isa = PBXFileReference; fileEncoding = 4; lastKnownFileType = sourcecode.swift; path = inputViewController.swift; sourceTree = "<group>"; };
/* End PBXFileReference section */

/* Begin PBXFrameworksBuildPhase section */
		2DCB72101F4DA07A00434FC3 /* Frameworks */ = {
			isa = PBXFrameworksBuildPhase;
			buildActionMask = 2147483647;
			files = (
			);
			runOnlyForDeploymentPostprocessing = 0;
		};
/* End PBXFrameworksBuildPhase section */

/* Begin PBXGroup section */
		2DCB720A1F4DA07A00434FC3 = {
			isa = PBXGroup;
			children = (
				2DCB72151F4DA07A00434FC3 /* graph2 */,
				2DCB72141F4DA07A00434FC3 /* Products */,
			);
			sourceTree = "<group>";
		};
		2DCB72141F4DA07A00434FC3 /* Products */ = {
			isa = PBXGroup;
			children = (
				2DCB72131F4DA07A00434FC3 /* graph2.app */,
			);
			name = Products;
			sourceTree = "<group>";
		};
		2DCB72151F4DA07A00434FC3 /* graph2 */ = {
			isa = PBXGroup;
			children = (
				2DCB72161F4DA07A00434FC3 /* AppDelegate.swift */,
				2DCB72181F4DA07A00434FC3 /* ViewController.swift */,
				2DCB722B1F4E574600434FC3 /* Graph.swift */,
				2DCB722D1F4ED4B100434FC3 /* inputViewController.swift */,
				2DCB721A1F4DA07A00434FC3 /* Main.storyboard */,
				2DCB72201F4DA07A00434FC3 /* Assets.xcassets */,
				2DCB72221F4DA07A00434FC3 /* LaunchScreen.storyboard */,
				2DCB72251F4DA07A00434FC3 /* Info.plist */,
				2DCB721D1F4DA07A00434FC3 /* graph2.xcdatamodeld */,
			);
			path = graph2;
			sourceTree = "<group>";
		};
/* End PBXGroup section */

/* Begin PBXNativeTarget section */
		2DCB72121F4DA07A00434FC3 /* graph2 */ = {
			isa = PBXNativeTarget;
			buildConfigurationList = 2DCB72281F4DA07A00434FC3 /* Build configuration list for PBXNativeTarget "graph2" */;
			buildPhases = (
				2DCB720F1F4DA07A00434FC3 /* Sources */,
				2DCB72101F4DA07A00434FC3 /* Frameworks */,
				2DCB72111F4DA07A00434FC3 /* Resources */,
			);
			buildRules = (
			);
			dependencies = (
			);
			name = graph2;
			productName = graph2;
			productReference = 2DCB72131F4DA07A00434FC3 /* graph2.app */;
			productType = "com.apple.product-type.application";
		};
/* End PBXNativeTarget section */

/* Begin PBXProject section */
		2DCB720B1F4DA07A00434FC3 /* Project object */ = {
			isa = PBXProject;
			attributes = {
				LastSwiftUpdateCheck = 0830;
				LastUpgradeCheck = 0830;
				ORGANIZATIONNAME = g15938sn;
				TargetAttributes = {
					2DCB72121F4DA07A00434FC3 = {
						CreatedOnToolsVersion = 8.3.3;
						DevelopmentTeam = 2263GD5RWN;
						ProvisioningStyle = Automatic;
					};
				};
			};
			buildConfigurationList = 2DCB720E1F4DA07A00434FC3 /* Build configuration list for PBXProject "graph2" */;
			compatibilityVersion = "Xcode 3.2";
			developmentRegion = English;
			hasScannedForEncodings = 0;
			knownRegions = (
				en,
				Base,
			);
			mainGroup = 2DCB720A1F4DA07A00434FC3;
			productRefGroup = 2DCB72141F4DA07A00434FC3 /* Products */;
			projectDirPath = "";
			projectRoot = "";
			targets = (
				2DCB72121F4DA07A00434FC3 /* graph2 */,
			);
		};
/* End PBXProject section */

/* Begin PBXResourcesBuildPhase section */
		2DCB72111F4DA07A00434FC3 /* Resources */ = {
			isa = PBXResourcesBuildPhase;
			buildActionMask = 2147483647;
			files = (
				2DCB72241F4DA07A00434FC3 /* LaunchScreen.storyboard in Resources */,
				2DCB72211F4DA07A00434FC3 /* Assets.xcassets in Resources */,
				2DCB721C1F4DA07A00434FC3 /* Main.storyboard in Resources */,
			);
			runOnlyForDeploymentPostprocessing = 0;
		};
/* End PBXResourcesBuildPhase section */

/* Begin PBXSourcesBuildPhase section */
		2DCB720F1F4DA07A00434FC3 /* Sources */ = {
			isa = PBXSourcesBuildPhase;
			buildActionMask = 2147483647;
			files = (
				2DCB722C1F4E574600434FC3 /* Graph.swift in Sources */,
				2DCB72191F4DA07A00434FC3 /* ViewController.swift in Sources */,
				2DCB722E1F4ED4B100434FC3 /* inputViewController.swift in Sources */,
				2DCB72171F4DA07A00434FC3 /* AppDelegate.swift in Sources */,
				2DCB721F1F4DA07A00434FC3 /* graph2.xcdatamodeld in Sources */,
			);
			runOnlyForDeploymentPostprocessing = 0;
		};
/* End PBXSourcesBuildPhase section */

/* Begin PBXVariantGroup section */
		2DCB721A1F4DA07A00434FC3 /* Main.storyboard */ = {
			isa = PBXVariantGroup;
			children = (
				2DCB721B1F4DA07A00434FC3 /* Base */,
			);
			name = Main.storyboard;
			sourceTree = "<group>";
		};
		2DCB72221F4DA07A00434FC3 /* LaunchScreen.storyboard */ = {
			isa = PBXVariantGroup;
			children = (
				2DCB72231F4DA07A00434FC3 /* Base */,
			);
			name = LaunchScreen.storyboard;
			sourceTree = "<group>";
		};
/* End PBXVariantGroup section */

/* Begin XCBuildConfiguration section */
		2DCB72261F4DA07A00434FC3 /* Debug */ = {
			isa = XCBuildConfiguration;
			buildSettings = {
				ALWAYS_SEARCH_USER_PATHS = NO;
				CLANG_ANALYZER_NONNULL = YES;
				CLANG_ANALYZER_NUMBER_OBJECT_CONVERSION = YES_AGGRESSIVE;
				CLANG_CXX_LANGUAGE_STANDARD = "gnu++0x";
				CLANG_CXX_LIBRARY = "libc++";
				CLANG_ENABLE_MODULES = YES;
				CLANG_ENABLE_OBJC_ARC = YES;
				CLANG_WARN_BOOL_CONVERSION = YES;
				CLANG_WARN_CONSTANT_CONVERSION = YES;
				CLANG_WARN_DIRECT_OBJC_ISA_USAGE = YES_ERROR;
				CLANG_WARN_DOCUMENTATION_COMMENTS = YES;
				CLANG_WARN_EMPTY_BODY = YES;
				CLANG_WARN_ENUM_CONVERSION = YES;
				CLANG_WARN_INFINITE_RECURSION = YES;
				CLANG_WARN_INT_CONVERSION = YES;
				CLANG_WARN_OBJC_ROOT_CLASS = YES_ERROR;
				CLANG_WARN_SUSPICIOUS_MOVE = YES;
				CLANG_WARN_UNREACHABLE_CODE = YES;
				CLANG_WARN__DUPLICATE_METHOD_MATCH = YES;
				"CODE_SIGN_IDENTITY[sdk=iphoneos*]" = "iPhone Developer";
				COPY_PHASE_STRIP = NO;
				DEBUG_INFORMATION_FORMAT = dwarf;
				ENABLE_STRICT_OBJC_MSGSEND = YES;
				ENABLE_TESTABILITY = YES;
				GCC_C_LANGUAGE_STANDARD = gnu99;
				GCC_DYNAMIC_NO_PIC = NO;
				GCC_NO_COMMON_BLOCKS = YES;
				GCC_OPTIMIZATION_LEVEL = 0;
				GCC_PREPROCESSOR_DEFINITIONS = (
					"DEBUG=1",
					"$(inherited)",
				);
				GCC_WARN_64_TO_32_BIT_CONVERSION = YES;
				GCC_WARN_ABOUT_RETURN_TYPE = YES_ERROR;
				GCC_WARN_UNDECLARED_SELECTOR = YES;
				GCC_WARN_UNINITIALIZED_AUTOS = YES_AGGRESSIVE;
				GCC_WARN_UNUSED_FUNCTION = YES;
				GCC_WARN_UNUSED_VARIABLE = YES;
				IPHONEOS_DEPLOYMENT_TARGET = 10.3;
				MTL_ENABLE_DEBUG_INFO = YES;
				ONLY_ACTIVE_ARCH = YES;
				SDKROOT = iphoneos;
				SWIFT_ACTIVE_COMPILATION_CONDITIONS = DEBUG;
				SWIFT_OPTIMIZATION_LEVEL = "-Onone";
			};
			name = Debug;
		};
		2DCB72271F4DA07A00434FC3 /* Release */ = {
			isa = XCBuildConfiguration;
			buildSettings = {
				ALWAYS_SEARCH_USER_PATHS = NO;
				CLANG_ANALYZER_NONNULL = YES;
				CLANG_ANALYZER_NUMBER_OBJECT_CONVERSION = YES_AGGRESSIVE;
				CLANG_CXX_LANGUAGE_STANDARD = "gnu++0x";
				CLANG_CXX_LIBRARY = "libc++";
				CLANG_ENABLE_MODULES = YES;
				CLANG_ENABLE_OBJC_ARC = YES;
				CLANG_WARN_BOOL_CONVERSION = YES;
				CLANG_WARN_CONSTANT_CONVERSION = YES;
				CLANG_WARN_DIRECT_OBJC_ISA_USAGE = YES_ERROR;
				CLANG_WARN_DOCUMENTATION_COMMENTS = YES;
				CLANG_WARN_EMPTY_BODY = YES;
				CLANG_WARN_ENUM_CONVERSION = YES;
				CLANG_WARN_INFINITE_RECURSION = YES;
				CLANG_WARN_INT_CONVERSION = YES;
				CLANG_WARN_OBJC_ROOT_CLASS = YES_ERROR;
				CLANG_WARN_SUSPICIOUS_MOVE = YES;
				CLANG_WARN_UNREACHABLE_CODE = YES;
				CLANG_WARN__DUPLICATE_METHOD_MATCH = YES;
				"CODE_SIGN_IDENTITY[sdk=iphoneos*]" = "iPhone Developer";
				COPY_PHASE_STRIP = NO;
				DEBUG_INFORMATION_FORMAT = "dwarf-with-dsym";
				ENABLE_NS_ASSERTIONS = NO;
				ENABLE_STRICT_OBJC_MSGSEND = YES;
				GCC_C_LANGUAGE_STANDARD = gnu99;
				GCC_NO_COMMON_BLOCKS = YES;
				GCC_WARN_64_TO_32_BIT_CONVERSION = YES;
				GCC_WARN_ABOUT_RETURN_TYPE = YES_ERROR;
				GCC_WARN_UNDECLARED_SELECTOR = YES;
				GCC_WARN_UNINITIALIZED_AUTOS = YES_AGGRESSIVE;
				GCC_WARN_UNUSED_FUNCTION = YES;
				GCC_WARN_UNUSED_VARIABLE = YES;
				IPHONEOS_DEPLOYMENT_TARGET = 10.3;
				MTL_ENABLE_DEBUG_INFO = NO;
				SDKROOT = iphoneos;
				SWIFT_OPTIMIZATION_LEVEL = "-Owholemodule";
				VALIDATE_PRODUCT = YES;
			};
			name = Release;
		};
		2DCB72291F4DA07A00434FC3 /* Debug */ = {
			isa = XCBuildConfiguration;
			buildSettings = {
				ASSETCATALOG_COMPILER_APPICON_NAME = AppIcon;
				DEVELOPMENT_TEAM = 2263GD5RWN;
				INFOPLIST_FILE = graph2/Info.plist;
				LD_RUNPATH_SEARCH_PATHS = "$(inherited) @executable_path/Frameworks";
				PRODUCT_BUNDLE_IDENTIFIER = com.nozomeal.graph2;
				PRODUCT_NAME = "$(TARGET_NAME)";
				SWIFT_VERSION = 3.0;
			};
			name = Debug;
		};
		2DCB722A1F4DA07A00434FC3 /* Release */ = {
			isa = XCBuildConfiguration;
			buildSettings = {
				ASSETCATALOG_COMPILER_APPICON_NAME = AppIcon;
				DEVELOPMENT_TEAM = 2263GD5RWN;
				INFOPLIST_FILE = graph2/Info.plist;
				LD_RUNPATH_SEARCH_PATHS = "$(inherited) @executable_path/Frameworks";
				PRODUCT_BUNDLE_IDENTIFIER = com.nozomeal.graph2;
				PRODUCT_NAME = "$(TARGET_NAME)";
				SWIFT_VERSION = 3.0;
			};
			name = Release;
		};
/* End XCBuildConfiguration section */

/* Begin XCConfigurationList section */
		2DCB720E1F4DA07A00434FC3 /* Build configuration list for PBXProject "graph2" */ = {
			isa = XCConfigurationList;
			buildConfigurations = (
				2DCB72261F4DA07A00434FC3 /* Debug */,
				2DCB72271F4DA07A00434FC3 /* Release */,
			);
			defaultConfigurationIsVisible = 0;
			defaultConfigurationName = Release;
		};
		2DCB72281F4DA07A00434FC3 /* Build configuration list for PBXNativeTarget "graph2" */ = {
			isa = XCConfigurationList;
			buildConfigurations = (
				2DCB72291F4DA07A00434FC3 /* Debug */,
				2DCB722A1F4DA07A00434FC3 /* Release */,
			);
			defaultConfigurationIsVisible = 0;
		};
/* End XCConfigurationList section */

/* Begin XCVersionGroup section */
		2DCB721D1F4DA07A00434FC3 /* graph2.xcdatamodeld */ = {
			isa = XCVersionGroup;
			children = (
				2DCB721E1F4DA07A00434FC3 /* graph2.xcdatamodel */,
			);
			currentVersion = 2DCB721E1F4DA07A00434FC3 /* graph2.xcdatamodel */;
			path = graph2.xcdatamodeld;
			sourceTree = "<group>";
			versionGroupType = wrapper.xcdatamodel;
		};
/* End XCVersionGroup section */
	};
	rootObject = 2DCB720B1F4DA07A00434FC3 /* Project object */;
}
